// !$*UTF8*$!
{
	archiveVersion = 1;
	classes = {
	};
	objectVersion = 56;
	objects = {

/* Begin PBXBuildFile section */
		CA39C70F29E454F2004DFB4D /* AppDelegate.swift in Sources */ = {isa = PBXBuildFile; fileRef = CA39C70E29E454F2004DFB4D /* AppDelegate.swift */; };
		CA39C71129E454F2004DFB4D /* SceneDelegate.swift in Sources */ = {isa = PBXBuildFile; fileRef = CA39C71029E454F2004DFB4D /* SceneDelegate.swift */; };
		CA39C71629E454F2004DFB4D /* Main.storyboard in Resources */ = {isa = PBXBuildFile; fileRef = CA39C71429E454F2004DFB4D /* Main.storyboard */; };
		CA39C71829E454F3004DFB4D /* Assets.xcassets in Resources */ = {isa = PBXBuildFile; fileRef = CA39C71729E454F3004DFB4D /* Assets.xcassets */; };
		CA39C71B29E454F3004DFB4D /* LaunchScreen.storyboard in Resources */ = {isa = PBXBuildFile; fileRef = CA39C71929E454F3004DFB4D /* LaunchScreen.storyboard */; };
		CA39C72929E6989F004DFB4D /* LoginViewController.swift in Sources */ = {isa = PBXBuildFile; fileRef = CA39C72829E6989F004DFB4D /* LoginViewController.swift */; };
		CA39C72B29E6C9B2004DFB4D /* SignUpViewController.swift in Sources */ = {isa = PBXBuildFile; fileRef = CA39C72A29E6C9B2004DFB4D /* SignUpViewController.swift */; };
		CA39C72D29E6C9D8004DFB4D /* AuthenticationViewController.swift in Sources */ = {isa = PBXBuildFile; fileRef = CA39C72C29E6C9D8004DFB4D /* AuthenticationViewController.swift */; };
		CA39C73129E8141C004DFB4D /* Realm in Frameworks */ = {isa = PBXBuildFile; productRef = CA39C73029E8141C004DFB4D /* Realm */; };
		CA39C73329E8141C004DFB4D /* RealmSwift in Frameworks */ = {isa = PBXBuildFile; productRef = CA39C73229E8141C004DFB4D /* RealmSwift */; };
		CA39C73629E82CBE004DFB4D /* DashboardViewController.swift in Sources */ = {isa = PBXBuildFile; fileRef = CA39C73529E82CBE004DFB4D /* DashboardViewController.swift */; };
		CAEB662929E94EA8004E4F89 /* Realm API Client.swift in Sources */ = {isa = PBXBuildFile; fileRef = CAEB662829E94EA8004E4F89 /* Realm API Client.swift */; };
		CAEB662F29E9516F004E4F89 /* RealmEmailAuth.swift in Sources */ = {isa = PBXBuildFile; fileRef = CAEB662E29E9516F004E4F89 /* RealmEmailAuth.swift */; };
		CAEB663329E951EE004E4F89 /* Authentication.swift in Sources */ = {isa = PBXBuildFile; fileRef = CAEB663229E951EE004E4F89 /* Authentication.swift */; };
		CAEB663529E95283004E4F89 /* EmailAuth.swift in Sources */ = {isa = PBXBuildFile; fileRef = CAEB663429E95283004E4F89 /* EmailAuth.swift */; };
		CAEB663729E96008004E4F89 /* AuthProvider.swift in Sources */ = {isa = PBXBuildFile; fileRef = CAEB663629E96008004E4F89 /* AuthProvider.swift */; };
		CAEB663A29E98025004E4F89 /* ColorEnum.swift in Sources */ = {isa = PBXBuildFile; fileRef = CAEB663929E98025004E4F89 /* ColorEnum.swift */; };
		CAEB663C29E98AE9004E4F89 /* CustomUITextField.swift in Sources */ = {isa = PBXBuildFile; fileRef = CAEB663B29E98AE9004E4F89 /* CustomUITextField.swift */; };
		CAEB663F29ED4E12004E4F89 /* User.swift in Sources */ = {isa = PBXBuildFile; fileRef = CAEB663E29ED4E12004E4F89 /* User.swift */; };
		CAEB664129ED6863004E4F89 /* LoginScreen.storyboard in Resources */ = {isa = PBXBuildFile; fileRef = CAEB664029ED6863004E4F89 /* LoginScreen.storyboard */; };
		CAEB664329ED686C004E4F89 /* RegisterScreen.storyboard in Resources */ = {isa = PBXBuildFile; fileRef = CAEB664229ED686C004E4F89 /* RegisterScreen.storyboard */; };
		CAEB664629ED6994004E4F89 /* AuthenticationScreen.storyboard in Resources */ = {isa = PBXBuildFile; fileRef = CAEB664529ED6994004E4F89 /* AuthenticationScreen.storyboard */; };
/* End PBXBuildFile section */

/* Begin PBXFileReference section */
		CA39C70B29E454F2004DFB4D /* getogether.app */ = {isa = PBXFileReference; explicitFileType = wrapper.application; includeInIndex = 0; path = getogether.app; sourceTree = BUILT_PRODUCTS_DIR; };
		CA39C70E29E454F2004DFB4D /* AppDelegate.swift */ = {isa = PBXFileReference; lastKnownFileType = sourcecode.swift; path = AppDelegate.swift; sourceTree = "<group>"; };
		CA39C71029E454F2004DFB4D /* SceneDelegate.swift */ = {isa = PBXFileReference; lastKnownFileType = sourcecode.swift; path = SceneDelegate.swift; sourceTree = "<group>"; };
		CA39C71529E454F2004DFB4D /* Base */ = {isa = PBXFileReference; lastKnownFileType = file.storyboard; name = Base; path = Base.lproj/Main.storyboard; sourceTree = "<group>"; };
		CA39C71729E454F3004DFB4D /* Assets.xcassets */ = {isa = PBXFileReference; lastKnownFileType = folder.assetcatalog; path = Assets.xcassets; sourceTree = "<group>"; };
		CA39C71A29E454F3004DFB4D /* Base */ = {isa = PBXFileReference; lastKnownFileType = file.storyboard; name = Base; path = Base.lproj/LaunchScreen.storyboard; sourceTree = "<group>"; };
		CA39C71C29E454F3004DFB4D /* Info.plist */ = {isa = PBXFileReference; lastKnownFileType = text.plist.xml; path = Info.plist; sourceTree = "<group>"; };
		CA39C72829E6989F004DFB4D /* LoginViewController.swift */ = {isa = PBXFileReference; lastKnownFileType = sourcecode.swift; path = LoginViewController.swift; sourceTree = "<group>"; };
		CA39C72A29E6C9B2004DFB4D /* SignUpViewController.swift */ = {isa = PBXFileReference; lastKnownFileType = sourcecode.swift; path = SignUpViewController.swift; sourceTree = "<group>"; };
		CA39C72C29E6C9D8004DFB4D /* AuthenticationViewController.swift */ = {isa = PBXFileReference; lastKnownFileType = sourcecode.swift; path = AuthenticationViewController.swift; sourceTree = "<group>"; };
		CA39C73529E82CBE004DFB4D /* DashboardViewController.swift */ = {isa = PBXFileReference; lastKnownFileType = sourcecode.swift; path = DashboardViewController.swift; sourceTree = "<group>"; };
		CAEB662829E94EA8004E4F89 /* Realm API Client.swift */ = {isa = PBXFileReference; lastKnownFileType = sourcecode.swift; path = "Realm API Client.swift"; sourceTree = "<group>"; };
		CAEB662E29E9516F004E4F89 /* RealmEmailAuth.swift */ = {isa = PBXFileReference; lastKnownFileType = sourcecode.swift; path = RealmEmailAuth.swift; sourceTree = "<group>"; };
		CAEB663229E951EE004E4F89 /* Authentication.swift */ = {isa = PBXFileReference; lastKnownFileType = sourcecode.swift; path = Authentication.swift; sourceTree = "<group>"; };
		CAEB663429E95283004E4F89 /* EmailAuth.swift */ = {isa = PBXFileReference; lastKnownFileType = sourcecode.swift; path = EmailAuth.swift; sourceTree = "<group>"; };
		CAEB663629E96008004E4F89 /* AuthProvider.swift */ = {isa = PBXFileReference; lastKnownFileType = sourcecode.swift; path = AuthProvider.swift; sourceTree = "<group>"; };
		CAEB663929E98025004E4F89 /* ColorEnum.swift */ = {isa = PBXFileReference; lastKnownFileType = sourcecode.swift; path = ColorEnum.swift; sourceTree = "<group>"; };
		CAEB663B29E98AE9004E4F89 /* CustomUITextField.swift */ = {isa = PBXFileReference; lastKnownFileType = sourcecode.swift; path = CustomUITextField.swift; sourceTree = "<group>"; };
		CAEB663E29ED4E12004E4F89 /* User.swift */ = {isa = PBXFileReference; lastKnownFileType = sourcecode.swift; path = User.swift; sourceTree = "<group>"; };
		CAEB664029ED6863004E4F89 /* LoginScreen.storyboard */ = {isa = PBXFileReference; lastKnownFileType = file.storyboard; path = LoginScreen.storyboard; sourceTree = "<group>"; };
		CAEB664229ED686C004E4F89 /* RegisterScreen.storyboard */ = {isa = PBXFileReference; lastKnownFileType = file.storyboard; path = RegisterScreen.storyboard; sourceTree = "<group>"; };
		CAEB664529ED6994004E4F89 /* AuthenticationScreen.storyboard */ = {isa = PBXFileReference; lastKnownFileType = file.storyboard; path = AuthenticationScreen.storyboard; sourceTree = "<group>"; };
/* End PBXFileReference section */

/* Begin PBXFrameworksBuildPhase section */
		CA39C70829E454F2004DFB4D /* Frameworks */ = {
			isa = PBXFrameworksBuildPhase;
			buildActionMask = 2147483647;
			files = (
				CA39C73329E8141C004DFB4D /* RealmSwift in Frameworks */,
				CA39C73129E8141C004DFB4D /* Realm in Frameworks */,
			);
			runOnlyForDeploymentPostprocessing = 0;
		};
/* End PBXFrameworksBuildPhase section */

/* Begin PBXGroup section */
		CA39C70229E454F2004DFB4D = {
			isa = PBXGroup;
			children = (
				CA39C70D29E454F2004DFB4D /* getogether */,
				CA39C70C29E454F2004DFB4D /* Products */,
			);
			sourceTree = "<group>";
		};
		CA39C70C29E454F2004DFB4D /* Products */ = {
			isa = PBXGroup;
			children = (
				CA39C70B29E454F2004DFB4D /* getogether.app */,
			);
			name = Products;
			sourceTree = "<group>";
		};
		CA39C70D29E454F2004DFB4D /* getogether */ = {
			isa = PBXGroup;
			children = (
				CA39C72529E68534004DFB4D /* Business Logic Layer */,
				CA39C72429E68528004DFB4D /* UI Layer */,
				CA39C72329E68520004DFB4D /* Service Layer */,
				CA39C72229E68508004DFB4D /* Storage Layer */,
				CA39C70E29E454F2004DFB4D /* AppDelegate.swift */,
				CA39C71029E454F2004DFB4D /* SceneDelegate.swift */,
				CA39C71729E454F3004DFB4D /* Assets.xcassets */,
				CA39C71C29E454F3004DFB4D /* Info.plist */,
			);
			path = getogether;
			sourceTree = "<group>";
		};
		CA39C72229E68508004DFB4D /* Storage Layer */ = {
			isa = PBXGroup;
			children = (
			);
			path = "Storage Layer";
			sourceTree = "<group>";
		};
		CA39C72329E68520004DFB4D /* Service Layer */ = {
			isa = PBXGroup;
			children = (
				CAEB662629E94E75004E4F89 /* API Clients */,
				CAEB662B29E95120004E4F89 /* Services */,
			);
			path = "Service Layer";
			sourceTree = "<group>";
		};
		CA39C72429E68528004DFB4D /* UI Layer */ = {
			isa = PBXGroup;
			children = (
				CAEB663829E98000004E4F89 /* Utils */,
				CA39C72729E69843004DFB4D /* Storyboards */,
				CA39C72629E6983B004DFB4D /* ViewControllers */,
			);
			path = "UI Layer";
			sourceTree = "<group>";
		};
		CA39C72529E68534004DFB4D /* Business Logic Layer */ = {
			isa = PBXGroup;
			children = (
				CAEB663D29ED4E0A004E4F89 /* User */,
				CAEB662A29E9510A004E4F89 /* Authentication */,
			);
			path = "Business Logic Layer";
			sourceTree = "<group>";
		};
		CA39C72629E6983B004DFB4D /* ViewControllers */ = {
			isa = PBXGroup;
			children = (
				CA39C73429E82B30004DFB4D /* Dashboard */,
				CA39C72E29E6C9DD004DFB4D /* Authentication */,
			);
			path = ViewControllers;
			sourceTree = "<group>";
		};
		CA39C72729E69843004DFB4D /* Storyboards */ = {
			isa = PBXGroup;
			children = (
				CAEB664429ED686F004E4F89 /* Authentication */,
				CA39C71929E454F3004DFB4D /* LaunchScreen.storyboard */,
				CA39C71429E454F2004DFB4D /* Main.storyboard */,
			);
			path = Storyboards;
			sourceTree = "<group>";
		};
		CA39C72E29E6C9DD004DFB4D /* Authentication */ = {
			isa = PBXGroup;
			children = (
				CA39C72C29E6C9D8004DFB4D /* AuthenticationViewController.swift */,
				CA39C72829E6989F004DFB4D /* LoginViewController.swift */,
				CA39C72A29E6C9B2004DFB4D /* SignUpViewController.swift */,
			);
			path = Authentication;
			sourceTree = "<group>";
		};
		CA39C73429E82B30004DFB4D /* Dashboard */ = {
			isa = PBXGroup;
			children = (
				CA39C73529E82CBE004DFB4D /* DashboardViewController.swift */,
			);
			path = Dashboard;
			sourceTree = "<group>";
		};
		CAEB662629E94E75004E4F89 /* API Clients */ = {
			isa = PBXGroup;
			children = (
				CAEB662829E94EA8004E4F89 /* Realm API Client.swift */,
			);
			path = "API Clients";
			sourceTree = "<group>";
		};
		CAEB662A29E9510A004E4F89 /* Authentication */ = {
			isa = PBXGroup;
			children = (
				CAEB663629E96008004E4F89 /* AuthProvider.swift */,
				CAEB663229E951EE004E4F89 /* Authentication.swift */,
				CAEB663429E95283004E4F89 /* EmailAuth.swift */,
			);
			path = Authentication;
			sourceTree = "<group>";
		};
		CAEB662B29E95120004E4F89 /* Services */ = {
			isa = PBXGroup;
			children = (
				CAEB662C29E95131004E4F89 /* Authentication */,
			);
			path = Services;
			sourceTree = "<group>";
		};
		CAEB662C29E95131004E4F89 /* Authentication */ = {
			isa = PBXGroup;
			children = (
				CAEB662E29E9516F004E4F89 /* RealmEmailAuth.swift */,
			);
			path = Authentication;
			sourceTree = "<group>";
		};
		CAEB663829E98000004E4F89 /* Utils */ = {
			isa = PBXGroup;
			children = (
				CAEB663929E98025004E4F89 /* ColorEnum.swift */,
				CAEB663B29E98AE9004E4F89 /* CustomUITextField.swift */,
			);
			path = Utils;
			sourceTree = "<group>";
		};
		CAEB663D29ED4E0A004E4F89 /* User */ = {
			isa = PBXGroup;
			children = (
				CAEB663E29ED4E12004E4F89 /* User.swift */,
			);
			path = User;
			sourceTree = "<group>";
		};
		CAEB664429ED686F004E4F89 /* Authentication */ = {
			isa = PBXGroup;
			children = (
				CAEB664029ED6863004E4F89 /* LoginScreen.storyboard */,
				CAEB664229ED686C004E4F89 /* RegisterScreen.storyboard */,
				CAEB664529ED6994004E4F89 /* AuthenticationScreen.storyboard */,
			);
			path = Authentication;
			sourceTree = "<group>";
		};
/* End PBXGroup section */

/* Begin PBXNativeTarget section */
		CA39C70A29E454F2004DFB4D /* getogether */ = {
			isa = PBXNativeTarget;
			buildConfigurationList = CA39C71F29E454F3004DFB4D /* Build configuration list for PBXNativeTarget "getogether" */;
			buildPhases = (
				CA39C70729E454F2004DFB4D /* Sources */,
				CA39C70829E454F2004DFB4D /* Frameworks */,
				CA39C70929E454F2004DFB4D /* Resources */,
			);
			buildRules = (
			);
			dependencies = (
			);
			name = getogether;
			packageProductDependencies = (
				CA39C73029E8141C004DFB4D /* Realm */,
				CA39C73229E8141C004DFB4D /* RealmSwift */,
			);
			productName = getogether;
			productReference = CA39C70B29E454F2004DFB4D /* getogether.app */;
			productType = "com.apple.product-type.application";
		};
/* End PBXNativeTarget section */

/* Begin PBXProject section */
		CA39C70329E454F2004DFB4D /* Project object */ = {
			isa = PBXProject;
			attributes = {
				BuildIndependentTargetsInParallel = 1;
				LastSwiftUpdateCheck = 1430;
				LastUpgradeCheck = 1430;
				TargetAttributes = {
					CA39C70A29E454F2004DFB4D = {
						CreatedOnToolsVersion = 14.3;
					};
				};
			};
			buildConfigurationList = CA39C70629E454F2004DFB4D /* Build configuration list for PBXProject "getogether" */;
			compatibilityVersion = "Xcode 14.0";
			developmentRegion = en;
			hasScannedForEncodings = 0;
			knownRegions = (
				en,
				Base,
			);
			mainGroup = CA39C70229E454F2004DFB4D;
			packageReferences = (
				CA39C72F29E8141C004DFB4D /* XCRemoteSwiftPackageReference "realm-swift" */,
			);
			productRefGroup = CA39C70C29E454F2004DFB4D /* Products */;
			projectDirPath = "";
			projectRoot = "";
			targets = (
				CA39C70A29E454F2004DFB4D /* getogether */,
			);
		};
/* End PBXProject section */

/* Begin PBXResourcesBuildPhase section */
		CA39C70929E454F2004DFB4D /* Resources */ = {
			isa = PBXResourcesBuildPhase;
			buildActionMask = 2147483647;
			files = (
				CA39C71B29E454F3004DFB4D /* LaunchScreen.storyboard in Resources */,
				CA39C71829E454F3004DFB4D /* Assets.xcassets in Resources */,
				CAEB664629ED6994004E4F89 /* AuthenticationScreen.storyboard in Resources */,
				CAEB664129ED6863004E4F89 /* LoginScreen.storyboard in Resources */,
				CA39C71629E454F2004DFB4D /* Main.storyboard in Resources */,
				CAEB664329ED686C004E4F89 /* RegisterScreen.storyboard in Resources */,
			);
			runOnlyForDeploymentPostprocessing = 0;
		};
/* End PBXResourcesBuildPhase section */

/* Begin PBXSourcesBuildPhase section */
		CA39C70729E454F2004DFB4D /* Sources */ = {
			isa = PBXSourcesBuildPhase;
			buildActionMask = 2147483647;
			files = (
				CAEB662929E94EA8004E4F89 /* Realm API Client.swift in Sources */,
				CA39C72D29E6C9D8004DFB4D /* AuthenticationViewController.swift in Sources */,
				CA39C73629E82CBE004DFB4D /* DashboardViewController.swift in Sources */,
				CAEB663529E95283004E4F89 /* EmailAuth.swift in Sources */,
				CAEB663C29E98AE9004E4F89 /* CustomUITextField.swift in Sources */,
				CAEB663329E951EE004E4F89 /* Authentication.swift in Sources */,
				CAEB663F29ED4E12004E4F89 /* User.swift in Sources */,
				CA39C72929E6989F004DFB4D /* LoginViewController.swift in Sources */,
				CA39C70F29E454F2004DFB4D /* AppDelegate.swift in Sources */,
				CAEB662F29E9516F004E4F89 /* RealmEmailAuth.swift in Sources */,
				CA39C72B29E6C9B2004DFB4D /* SignUpViewController.swift in Sources */,
				CA39C71129E454F2004DFB4D /* SceneDelegate.swift in Sources */,
				CAEB663A29E98025004E4F89 /* ColorEnum.swift in Sources */,
				CAEB663729E96008004E4F89 /* AuthProvider.swift in Sources */,
			);
			runOnlyForDeploymentPostprocessing = 0;
		};
/* End PBXSourcesBuildPhase section */

/* Begin PBXVariantGroup section */
		CA39C71429E454F2004DFB4D /* Main.storyboard */ = {
			isa = PBXVariantGroup;
			children = (
				CA39C71529E454F2004DFB4D /* Base */,
			);
			name = Main.storyboard;
			sourceTree = "<group>";
		};
		CA39C71929E454F3004DFB4D /* LaunchScreen.storyboard */ = {
			isa = PBXVariantGroup;
			children = (
				CA39C71A29E454F3004DFB4D /* Base */,
			);
			name = LaunchScreen.storyboard;
			sourceTree = "<group>";
		};
/* End PBXVariantGroup section */

/* Begin XCBuildConfiguration section */
		CA39C71D29E454F3004DFB4D /* Debug */ = {
			isa = XCBuildConfiguration;
			buildSettings = {
				ALWAYS_SEARCH_USER_PATHS = NO;
				CLANG_ANALYZER_NONNULL = YES;
				CLANG_ANALYZER_NUMBER_OBJECT_CONVERSION = YES_AGGRESSIVE;
				CLANG_CXX_LANGUAGE_STANDARD = "gnu++20";
				CLANG_ENABLE_MODULES = YES;
				CLANG_ENABLE_OBJC_ARC = YES;
				CLANG_ENABLE_OBJC_WEAK = YES;
				CLANG_WARN_BLOCK_CAPTURE_AUTORELEASING = YES;
				CLANG_WARN_BOOL_CONVERSION = YES;
				CLANG_WARN_COMMA = YES;
				CLANG_WARN_CONSTANT_CONVERSION = YES;
				CLANG_WARN_DEPRECATED_OBJC_IMPLEMENTATIONS = YES;
				CLANG_WARN_DIRECT_OBJC_ISA_USAGE = YES_ERROR;
				CLANG_WARN_DOCUMENTATION_COMMENTS = YES;
				CLANG_WARN_EMPTY_BODY = YES;
				CLANG_WARN_ENUM_CONVERSION = YES;
				CLANG_WARN_INFINITE_RECURSION = YES;
				CLANG_WARN_INT_CONVERSION = YES;
				CLANG_WARN_NON_LITERAL_NULL_CONVERSION = YES;
				CLANG_WARN_OBJC_IMPLICIT_RETAIN_SELF = YES;
				CLANG_WARN_OBJC_LITERAL_CONVERSION = YES;
				CLANG_WARN_OBJC_ROOT_CLASS = YES_ERROR;
				CLANG_WARN_QUOTED_INCLUDE_IN_FRAMEWORK_HEADER = YES;
				CLANG_WARN_RANGE_LOOP_ANALYSIS = YES;
				CLANG_WARN_STRICT_PROTOTYPES = YES;
				CLANG_WARN_SUSPICIOUS_MOVE = YES;
				CLANG_WARN_UNGUARDED_AVAILABILITY = YES_AGGRESSIVE;
				CLANG_WARN_UNREACHABLE_CODE = YES;
				CLANG_WARN__DUPLICATE_METHOD_MATCH = YES;
				COPY_PHASE_STRIP = NO;
				DEBUG_INFORMATION_FORMAT = dwarf;
				ENABLE_STRICT_OBJC_MSGSEND = YES;
				ENABLE_TESTABILITY = YES;
				GCC_C_LANGUAGE_STANDARD = gnu11;
				GCC_DYNAMIC_NO_PIC = NO;
				GCC_NO_COMMON_BLOCKS = YES;
				GCC_OPTIMIZATION_LEVEL = 0;
				GCC_PREPROCESSOR_DEFINITIONS = (
					"DEBUG=1",
					"$(inherited)",
				);
				GCC_WARN_64_TO_32_BIT_CONVERSION = YES;
				GCC_WARN_ABOUT_RETURN_TYPE = YES_ERROR;
				GCC_WARN_UNDECLARED_SELECTOR = YES;
				GCC_WARN_UNINITIALIZED_AUTOS = YES_AGGRESSIVE;
				GCC_WARN_UNUSED_FUNCTION = YES;
				GCC_WARN_UNUSED_VARIABLE = YES;
				IPHONEOS_DEPLOYMENT_TARGET = 16.4;
				MTL_ENABLE_DEBUG_INFO = INCLUDE_SOURCE;
				MTL_FAST_MATH = YES;
				ONLY_ACTIVE_ARCH = YES;
				SDKROOT = iphoneos;
				SWIFT_ACTIVE_COMPILATION_CONDITIONS = DEBUG;
				SWIFT_OPTIMIZATION_LEVEL = "-Onone";
			};
			name = Debug;
		};
		CA39C71E29E454F3004DFB4D /* Release */ = {
			isa = XCBuildConfiguration;
			buildSettings = {
				ALWAYS_SEARCH_USER_PATHS = NO;
				CLANG_ANALYZER_NONNULL = YES;
				CLANG_ANALYZER_NUMBER_OBJECT_CONVERSION = YES_AGGRESSIVE;
				CLANG_CXX_LANGUAGE_STANDARD = "gnu++20";
				CLANG_ENABLE_MODULES = YES;
				CLANG_ENABLE_OBJC_ARC = YES;
				CLANG_ENABLE_OBJC_WEAK = YES;
				CLANG_WARN_BLOCK_CAPTURE_AUTORELEASING = YES;
				CLANG_WARN_BOOL_CONVERSION = YES;
				CLANG_WARN_COMMA = YES;
				CLANG_WARN_CONSTANT_CONVERSION = YES;
				CLANG_WARN_DEPRECATED_OBJC_IMPLEMENTATIONS = YES;
				CLANG_WARN_DIRECT_OBJC_ISA_USAGE = YES_ERROR;
				CLANG_WARN_DOCUMENTATION_COMMENTS = YES;
				CLANG_WARN_EMPTY_BODY = YES;
				CLANG_WARN_ENUM_CONVERSION = YES;
				CLANG_WARN_INFINITE_RECURSION = YES;
				CLANG_WARN_INT_CONVERSION = YES;
				CLANG_WARN_NON_LITERAL_NULL_CONVERSION = YES;
				CLANG_WARN_OBJC_IMPLICIT_RETAIN_SELF = YES;
				CLANG_WARN_OBJC_LITERAL_CONVERSION = YES;
				CLANG_WARN_OBJC_ROOT_CLASS = YES_ERROR;
				CLANG_WARN_QUOTED_INCLUDE_IN_FRAMEWORK_HEADER = YES;
				CLANG_WARN_RANGE_LOOP_ANALYSIS = YES;
				CLANG_WARN_STRICT_PROTOTYPES = YES;
				CLANG_WARN_SUSPICIOUS_MOVE = YES;
				CLANG_WARN_UNGUARDED_AVAILABILITY = YES_AGGRESSIVE;
				CLANG_WARN_UNREACHABLE_CODE = YES;
				CLANG_WARN__DUPLICATE_METHOD_MATCH = YES;
				COPY_PHASE_STRIP = NO;
				DEBUG_INFORMATION_FORMAT = "dwarf-with-dsym";
				ENABLE_NS_ASSERTIONS = NO;
				ENABLE_STRICT_OBJC_MSGSEND = YES;
				GCC_C_LANGUAGE_STANDARD = gnu11;
				GCC_NO_COMMON_BLOCKS = YES;
				GCC_WARN_64_TO_32_BIT_CONVERSION = YES;
				GCC_WARN_ABOUT_RETURN_TYPE = YES_ERROR;
				GCC_WARN_UNDECLARED_SELECTOR = YES;
				GCC_WARN_UNINITIALIZED_AUTOS = YES_AGGRESSIVE;
				GCC_WARN_UNUSED_FUNCTION = YES;
				GCC_WARN_UNUSED_VARIABLE = YES;
				IPHONEOS_DEPLOYMENT_TARGET = 16.4;
				MTL_ENABLE_DEBUG_INFO = NO;
				MTL_FAST_MATH = YES;
				SDKROOT = iphoneos;
				SWIFT_COMPILATION_MODE = wholemodule;
				SWIFT_OPTIMIZATION_LEVEL = "-O";
				VALIDATE_PRODUCT = YES;
			};
			name = Release;
		};
		CA39C72029E454F3004DFB4D /* Debug */ = {
			isa = XCBuildConfiguration;
			buildSettings = {
				ASSETCATALOG_COMPILER_APPICON_NAME = AppIcon;
				ASSETCATALOG_COMPILER_GLOBAL_ACCENT_COLOR_NAME = AccentColor;
				CODE_SIGN_STYLE = Automatic;
				CURRENT_PROJECT_VERSION = 1;
				DEVELOPMENT_TEAM = 9258H7N9X2;
				GENERATE_INFOPLIST_FILE = YES;
				INFOPLIST_FILE = getogether/Info.plist;
				INFOPLIST_KEY_CFBundleDisplayName = GeTogether;
				INFOPLIST_KEY_UIApplicationSupportsIndirectInputEvents = YES;
				INFOPLIST_KEY_UILaunchStoryboardName = LaunchScreen;
				INFOPLIST_KEY_UIMainStoryboardFile = Main;
				INFOPLIST_KEY_UISupportedInterfaceOrientations = UIInterfaceOrientationPortrait;
				INFOPLIST_KEY_UISupportedInterfaceOrientations_iPad = "UIInterfaceOrientationLandscapeLeft UIInterfaceOrientationLandscapeRight UIInterfaceOrientationPortrait UIInterfaceOrientationPortraitUpsideDown";
				IPHONEOS_DEPLOYMENT_TARGET = 15.0;
				LD_RUNPATH_SEARCH_PATHS = (
					"$(inherited)",
					"@executable_path/Frameworks",
				);
				MARKETING_VERSION = 1.0;
				PRODUCT_BUNDLE_IDENTIFIER = com.imranhajiyev.getogether;
				PRODUCT_NAME = "$(TARGET_NAME)";
				SUPPORTED_PLATFORMS = "iphoneos iphonesimulator";
				SUPPORTS_MACCATALYST = NO;
				SUPPORTS_MAC_DESIGNED_FOR_IPHONE_IPAD = NO;
				SWIFT_EMIT_LOC_STRINGS = YES;
				SWIFT_VERSION = 5.0;
				TARGETED_DEVICE_FAMILY = 1;
			};
			name = Debug;
		};
		CA39C72129E454F3004DFB4D /* Release */ = {
			isa = XCBuildConfiguration;
			buildSettings = {
				ASSETCATALOG_COMPILER_APPICON_NAME = AppIcon;
				ASSETCATALOG_COMPILER_GLOBAL_ACCENT_COLOR_NAME = AccentColor;
				CODE_SIGN_STYLE = Automatic;
				CURRENT_PROJECT_VERSION = 1;
				DEVELOPMENT_TEAM = 9258H7N9X2;
				GENERATE_INFOPLIST_FILE = YES;
				INFOPLIST_FILE = getogether/Info.plist;
				INFOPLIST_KEY_CFBundleDisplayName = GeTogether;
				INFOPLIST_KEY_UIApplicationSupportsIndirectInputEvents = YES;
				INFOPLIST_KEY_UILaunchStoryboardName = LaunchScreen;
				INFOPLIST_KEY_UIMainStoryboardFile = Main;
				INFOPLIST_KEY_UISupportedInterfaceOrientations = UIInterfaceOrientationPortrait;
				INFOPLIST_KEY_UISupportedInterfaceOrientations_iPad = "UIInterfaceOrientationLandscapeLeft UIInterfaceOrientationLandscapeRight UIInterfaceOrientationPortrait UIInterfaceOrientationPortraitUpsideDown";
				IPHONEOS_DEPLOYMENT_TARGET = 15.0;
				LD_RUNPATH_SEARCH_PATHS = (
					"$(inherited)",
					"@executable_path/Frameworks",
				);
				MARKETING_VERSION = 1.0;
				PRODUCT_BUNDLE_IDENTIFIER = com.imranhajiyev.getogether;
				PRODUCT_NAME = "$(TARGET_NAME)";
				SUPPORTED_PLATFORMS = "iphoneos iphonesimulator";
				SUPPORTS_MACCATALYST = NO;
				SUPPORTS_MAC_DESIGNED_FOR_IPHONE_IPAD = NO;
				SWIFT_EMIT_LOC_STRINGS = YES;
				SWIFT_VERSION = 5.0;
				TARGETED_DEVICE_FAMILY = 1;
			};
			name = Release;
		};
/* End XCBuildConfiguration section */

/* Begin XCConfigurationList section */
		CA39C70629E454F2004DFB4D /* Build configuration list for PBXProject "getogether" */ = {
			isa = XCConfigurationList;
			buildConfigurations = (
				CA39C71D29E454F3004DFB4D /* Debug */,
				CA39C71E29E454F3004DFB4D /* Release */,
			);
			defaultConfigurationIsVisible = 0;
			defaultConfigurationName = Release;
		};
		CA39C71F29E454F3004DFB4D /* Build configuration list for PBXNativeTarget "getogether" */ = {
			isa = XCConfigurationList;
			buildConfigurations = (
				CA39C72029E454F3004DFB4D /* Debug */,
				CA39C72129E454F3004DFB4D /* Release */,
			);
			defaultConfigurationIsVisible = 0;
			defaultConfigurationName = Release;
		};
/* End XCConfigurationList section */

/* Begin XCRemoteSwiftPackageReference section */
		CA39C72F29E8141C004DFB4D /* XCRemoteSwiftPackageReference "realm-swift" */ = {
			isa = XCRemoteSwiftPackageReference;
			repositoryURL = "https://github.com/realm/realm-swift.git";
			requirement = {
				kind = upToNextMajorVersion;
				minimumVersion = 10.38.0;
			};
		};
/* End XCRemoteSwiftPackageReference section */

/* Begin XCSwiftPackageProductDependency section */
		CA39C73029E8141C004DFB4D /* Realm */ = {
			isa = XCSwiftPackageProductDependency;
			package = CA39C72F29E8141C004DFB4D /* XCRemoteSwiftPackageReference "realm-swift" */;
			productName = Realm;
		};
		CA39C73229E8141C004DFB4D /* RealmSwift */ = {
			isa = XCSwiftPackageProductDependency;
			package = CA39C72F29E8141C004DFB4D /* XCRemoteSwiftPackageReference "realm-swift" */;
			productName = RealmSwift;
		};
/* End XCSwiftPackageProductDependency section */
	};
	rootObject = CA39C70329E454F2004DFB4D /* Project object */;
}
